// !$*UTF8*$!
{
	archiveVersion = 1;
	classes = {
	};
	objectVersion = 46;
	objects = {

/* Begin PBXBuildFile section */
		A58EBF491D06A32F00616433 /* main.m in Sources */ = {isa = PBXBuildFile; fileRef = A58EBF481D06A32F00616433 /* main.m */; };
		A58EBF4C1D06A32F00616433 /* AppDelegate.m in Sources */ = {isa = PBXBuildFile; fileRef = A58EBF4B1D06A32F00616433 /* AppDelegate.m */; };
		A58EBF4F1D06A32F00616433 /* ViewController.m in Sources */ = {isa = PBXBuildFile; fileRef = A58EBF4E1D06A32F00616433 /* ViewController.m */; };
		A58EBF521D06A32F00616433 /* Main.storyboard in Resources */ = {isa = PBXBuildFile; fileRef = A58EBF501D06A32F00616433 /* Main.storyboard */; };
		A58EBF541D06A32F00616433 /* Assets.xcassets in Resources */ = {isa = PBXBuildFile; fileRef = A58EBF531D06A32F00616433 /* Assets.xcassets */; };
		A58EBF571D06A32F00616433 /* LaunchScreen.storyboard in Resources */ = {isa = PBXBuildFile; fileRef = A58EBF551D06A32F00616433 /* LaunchScreen.storyboard */; };
		A5E4364A1D06ABD700F65171 /* SYNetModel.m in Sources */ = {isa = PBXBuildFile; fileRef = A5E436491D06ABD700F65171 /* SYNetModel.m */; };
		A5F60F8B1D0FEA0F00D3A089 /* BaseModel.m in Sources */ = {isa = PBXBuildFile; fileRef = A5F60F8A1D0FEA0F00D3A089 /* BaseModel.m */; };
		A5F60F911D0FEB1300D3A089 /* MovieListModel.m in Sources */ = {isa = PBXBuildFile; fileRef = A5F60F901D0FEB1300D3A089 /* MovieListModel.m */; };
		A5F60F941D0FEB3200D3A089 /* MovieModel.m in Sources */ = {isa = PBXBuildFile; fileRef = A5F60F931D0FEB3200D3A089 /* MovieModel.m */; };
		F8F67D9DFC995B720E79D592 /* libPods.a in Frameworks */ = {isa = PBXBuildFile; fileRef = 8BFA2F2BEAD5A83516A1F585 /* libPods.a */; };
/* End PBXBuildFile section */

/* Begin PBXFileReference section */
		8BFA2F2BEAD5A83516A1F585 /* libPods.a */ = {isa = PBXFileReference; explicitFileType = archive.ar; includeInIndex = 0; path = libPods.a; sourceTree = BUILT_PRODUCTS_DIR; };
		8DFB30B95EE8C4C38B9A43B0 /* Pods.release.xcconfig */ = {isa = PBXFileReference; includeInIndex = 1; lastKnownFileType = text.xcconfig; name = Pods.release.xcconfig; path = "Pods/Target Support Files/Pods/Pods.release.xcconfig"; sourceTree = "<group>"; };
		A58EBF441D06A32F00616433 /* SYNetModelDemo.app */ = {isa = PBXFileReference; explicitFileType = wrapper.application; includeInIndex = 0; path = SYNetModelDemo.app; sourceTree = BUILT_PRODUCTS_DIR; };
		A58EBF481D06A32F00616433 /* main.m */ = {isa = PBXFileReference; lastKnownFileType = sourcecode.c.objc; path = main.m; sourceTree = "<group>"; };
		A58EBF4A1D06A32F00616433 /* AppDelegate.h */ = {isa = PBXFileReference; lastKnownFileType = sourcecode.c.h; path = AppDelegate.h; sourceTree = "<group>"; };
		A58EBF4B1D06A32F00616433 /* AppDelegate.m */ = {isa = PBXFileReference; lastKnownFileType = sourcecode.c.objc; path = AppDelegate.m; sourceTree = "<group>"; };
		A58EBF4D1D06A32F00616433 /* ViewController.h */ = {isa = PBXFileReference; lastKnownFileType = sourcecode.c.h; path = ViewController.h; sourceTree = "<group>"; };
		A58EBF4E1D06A32F00616433 /* ViewController.m */ = {isa = PBXFileReference; lastKnownFileType = sourcecode.c.objc; path = ViewController.m; sourceTree = "<group>"; };
		A58EBF511D06A32F00616433 /* Base */ = {isa = PBXFileReference; lastKnownFileType = file.storyboard; name = Base; path = Base.lproj/Main.storyboard; sourceTree = "<group>"; };
		A58EBF531D06A32F00616433 /* Assets.xcassets */ = {isa = PBXFileReference; lastKnownFileType = folder.assetcatalog; path = Assets.xcassets; sourceTree = "<group>"; };
		A58EBF561D06A32F00616433 /* Base */ = {isa = PBXFileReference; lastKnownFileType = file.storyboard; name = Base; path = Base.lproj/LaunchScreen.storyboard; sourceTree = "<group>"; };
		A58EBF581D06A32F00616433 /* Info.plist */ = {isa = PBXFileReference; lastKnownFileType = text.plist.xml; path = Info.plist; sourceTree = "<group>"; };
		A5E436481D06ABD700F65171 /* SYNetModel.h */ = {isa = PBXFileReference; fileEncoding = 4; lastKnownFileType = sourcecode.c.h; name = SYNetModel.h; path = ../SYNetModel.h; sourceTree = "<group>"; };
		A5E436491D06ABD700F65171 /* SYNetModel.m */ = {isa = PBXFileReference; fileEncoding = 4; lastKnownFileType = sourcecode.c.objc; name = SYNetModel.m; path = ../SYNetModel.m; sourceTree = "<group>"; };
		A5F60F891D0FEA0F00D3A089 /* BaseModel.h */ = {isa = PBXFileReference; fileEncoding = 4; lastKnownFileType = sourcecode.c.h; path = BaseModel.h; sourceTree = "<group>"; };
		A5F60F8A1D0FEA0F00D3A089 /* BaseModel.m */ = {isa = PBXFileReference; fileEncoding = 4; lastKnownFileType = sourcecode.c.objc; path = BaseModel.m; sourceTree = "<group>"; };
		A5F60F8F1D0FEB1300D3A089 /* MovieListModel.h */ = {isa = PBXFileReference; fileEncoding = 4; lastKnownFileType = sourcecode.c.h; path = MovieListModel.h; sourceTree = "<group>"; };
		A5F60F901D0FEB1300D3A089 /* MovieListModel.m */ = {isa = PBXFileReference; fileEncoding = 4; lastKnownFileType = sourcecode.c.objc; path = MovieListModel.m; sourceTree = "<group>"; };
		A5F60F921D0FEB3200D3A089 /* MovieModel.h */ = {isa = PBXFileReference; fileEncoding = 4; lastKnownFileType = sourcecode.c.h; path = MovieModel.h; sourceTree = "<group>"; };
		A5F60F931D0FEB3200D3A089 /* MovieModel.m */ = {isa = PBXFileReference; fileEncoding = 4; lastKnownFileType = sourcecode.c.objc; path = MovieModel.m; sourceTree = "<group>"; };
		C36900615B1A2A0ED9C071AE /* Pods.debug.xcconfig */ = {isa = PBXFileReference; includeInIndex = 1; lastKnownFileType = text.xcconfig; name = Pods.debug.xcconfig; path = "Pods/Target Support Files/Pods/Pods.debug.xcconfig"; sourceTree = "<group>"; };
/* End PBXFileReference section */

/* Begin PBXFrameworksBuildPhase section */
		A58EBF411D06A32F00616433 /* Frameworks */ = {
			isa = PBXFrameworksBuildPhase;
			buildActionMask = 2147483647;
			files = (
				F8F67D9DFC995B720E79D592 /* libPods.a in Frameworks */,
			);
			runOnlyForDeploymentPostprocessing = 0;
		};
/* End PBXFrameworksBuildPhase section */

/* Begin PBXGroup section */
		0F674FE0F845D44C2DB61000 /* Frameworks */ = {
			isa = PBXGroup;
			children = (
				8BFA2F2BEAD5A83516A1F585 /* libPods.a */,
			);
			name = Frameworks;
			sourceTree = "<group>";
		};
		8A6F7AA1D4778EDA85925A67 /* Pods */ = {
			isa = PBXGroup;
			children = (
				C36900615B1A2A0ED9C071AE /* Pods.debug.xcconfig */,
				8DFB30B95EE8C4C38B9A43B0 /* Pods.release.xcconfig */,
			);
			name = Pods;
			sourceTree = "<group>";
		};
		A58EBF3B1D06A32F00616433 = {
			isa = PBXGroup;
			children = (
				A58EBF461D06A32F00616433 /* SYNetModel */,
				A58EBF451D06A32F00616433 /* Products */,
				8A6F7AA1D4778EDA85925A67 /* Pods */,
				0F674FE0F845D44C2DB61000 /* Frameworks */,
			);
			sourceTree = "<group>";
		};
		A58EBF451D06A32F00616433 /* Products */ = {
			isa = PBXGroup;
			children = (
				A58EBF441D06A32F00616433 /* SYNetModelDemo.app */,
			);
			name = Products;
			sourceTree = "<group>";
		};
		A58EBF461D06A32F00616433 /* SYNetModel */ = {
			isa = PBXGroup;
			children = (
				A5E436481D06ABD700F65171 /* SYNetModel.h */,
				A5E436491D06ABD700F65171 /* SYNetModel.m */,
				A58EBF4A1D06A32F00616433 /* AppDelegate.h */,
				A58EBF4B1D06A32F00616433 /* AppDelegate.m */,
				A58EBF4D1D06A32F00616433 /* ViewController.h */,
				A58EBF4E1D06A32F00616433 /* ViewController.m */,
				A58EBF501D06A32F00616433 /* Main.storyboard */,
				A58EBF531D06A32F00616433 /* Assets.xcassets */,
				A58EBF551D06A32F00616433 /* LaunchScreen.storyboard */,
				A58EBF581D06A32F00616433 /* Info.plist */,
				A58EBF471D06A32F00616433 /* Supporting Files */,
				A5F60F891D0FEA0F00D3A089 /* BaseModel.h */,
				A5F60F8A1D0FEA0F00D3A089 /* BaseModel.m */,
				A5F60F8F1D0FEB1300D3A089 /* MovieListModel.h */,
				A5F60F901D0FEB1300D3A089 /* MovieListModel.m */,
				A5F60F921D0FEB3200D3A089 /* MovieModel.h */,
				A5F60F931D0FEB3200D3A089 /* MovieModel.m */,
			);
			name = SYNetModel;
			path = TestModel;
			sourceTree = "<group>";
		};
		A58EBF471D06A32F00616433 /* Supporting Files */ = {
			isa = PBXGroup;
			children = (
				A58EBF481D06A32F00616433 /* main.m */,
			);
			name = "Supporting Files";
			sourceTree = "<group>";
		};
/* End PBXGroup section */

/* Begin PBXNativeTarget section */
		A58EBF431D06A32F00616433 /* SYNetModelDemo */ = {
			isa = PBXNativeTarget;
			buildConfigurationList = A58EBF5B1D06A32F00616433 /* Build configuration list for PBXNativeTarget "SYNetModelDemo" */;
			buildPhases = (
				3AD1AA38F67F3EE5E61F7C1D /* Check Pods Manifest.lock */,
				A58EBF401D06A32F00616433 /* Sources */,
				A58EBF411D06A32F00616433 /* Frameworks */,
				A58EBF421D06A32F00616433 /* Resources */,
				CAB7864383022968C25BED7E /* Embed Pods Frameworks */,
				86B261C299CBF87287960B02 /* Copy Pods Resources */,
			);
			buildRules = (
			);
			dependencies = (
			);
			name = SYNetModelDemo;
			productName = TestModel;
			productReference = A58EBF441D06A32F00616433 /* SYNetModelDemo.app */;
			productType = "com.apple.product-type.application";
		};
/* End PBXNativeTarget section */

/* Begin PBXProject section */
		A58EBF3C1D06A32F00616433 /* Project object */ = {
			isa = PBXProject;
			attributes = {
				LastUpgradeCheck = 0730;
				ORGANIZATIONNAME = sy;
				TargetAttributes = {
					A58EBF431D06A32F00616433 = {
						CreatedOnToolsVersion = 7.3.1;
						DevelopmentTeam = C85S2ZY9PG;
					};
				};
			};
			buildConfigurationList = A58EBF3F1D06A32F00616433 /* Build configuration list for PBXProject "SYNetModelDemo" */;
			compatibilityVersion = "Xcode 3.2";
			developmentRegion = English;
			hasScannedForEncodings = 0;
			knownRegions = (
				en,
				Base,
			);
			mainGroup = A58EBF3B1D06A32F00616433;
			productRefGroup = A58EBF451D06A32F00616433 /* Products */;
			projectDirPath = "";
			projectRoot = "";
			targets = (
				A58EBF431D06A32F00616433 /* SYNetModelDemo */,
			);
		};
/* End PBXProject section */

/* Begin PBXResourcesBuildPhase section */
		A58EBF421D06A32F00616433 /* Resources */ = {
			isa = PBXResourcesBuildPhase;
			buildActionMask = 2147483647;
			files = (
				A58EBF571D06A32F00616433 /* LaunchScreen.storyboard in Resources */,
				A58EBF541D06A32F00616433 /* Assets.xcassets in Resources */,
				A58EBF521D06A32F00616433 /* Main.storyboard in Resources */,
			);
			runOnlyForDeploymentPostprocessing = 0;
		};
/* End PBXResourcesBuildPhase section */

/* Begin PBXShellScriptBuildPhase section */
		3AD1AA38F67F3EE5E61F7C1D /* Check Pods Manifest.lock */ = {
			isa = PBXShellScriptBuildPhase;
			buildActionMask = 2147483647;
			files = (
			);
			inputPaths = (
			);
			name = "Check Pods Manifest.lock";
			outputPaths = (
			);
			runOnlyForDeploymentPostprocessing = 0;
			shellPath = /bin/sh;
			shellScript = "diff \"${PODS_ROOT}/../Podfile.lock\" \"${PODS_ROOT}/Manifest.lock\" > /dev/null\nif [[ $? != 0 ]] ; then\n    cat << EOM\nerror: The sandbox is not in sync with the Podfile.lock. Run 'pod install' or update your CocoaPods installation.\nEOM\n    exit 1\nfi\n";
			showEnvVarsInLog = 0;
		};
		86B261C299CBF87287960B02 /* Copy Pods Resources */ = {
			isa = PBXShellScriptBuildPhase;
			buildActionMask = 2147483647;
			files = (
			);
			inputPaths = (
			);
			name = "Copy Pods Resources";
			outputPaths = (
			);
			runOnlyForDeploymentPostprocessing = 0;
			shellPath = /bin/sh;
			shellScript = "\"${SRCROOT}/Pods/Target Support Files/Pods/Pods-resources.sh\"\n";
			showEnvVarsInLog = 0;
		};
		CAB7864383022968C25BED7E /* Embed Pods Frameworks */ = {
			isa = PBXShellScriptBuildPhase;
			buildActionMask = 2147483647;
			files = (
			);
			inputPaths = (
			);
			name = "Embed Pods Frameworks";
			outputPaths = (
			);
			runOnlyForDeploymentPostprocessing = 0;
			shellPath = /bin/sh;
			shellScript = "\"${SRCROOT}/Pods/Target Support Files/Pods/Pods-frameworks.sh\"\n";
			showEnvVarsInLog = 0;
		};
/* End PBXShellScriptBuildPhase section */

/* Begin PBXSourcesBuildPhase section */
		A58EBF401D06A32F00616433 /* Sources */ = {
			isa = PBXSourcesBuildPhase;
			buildActionMask = 2147483647;
			files = (
				A58EBF4F1D06A32F00616433 /* ViewController.m in Sources */,
				A58EBF4C1D06A32F00616433 /* AppDelegate.m in Sources */,
				A5F60F941D0FEB3200D3A089 /* MovieModel.m in Sources */,
				A58EBF491D06A32F00616433 /* main.m in Sources */,
				A5F60F8B1D0FEA0F00D3A089 /* BaseModel.m in Sources */,
				A5F60F911D0FEB1300D3A089 /* MovieListModel.m in Sources */,
				A5E4364A1D06ABD700F65171 /* SYNetModel.m in Sources */,
			);
			runOnlyForDeploymentPostprocessing = 0;
		};
/* End PBXSourcesBuildPhase section */

/* Begin PBXVariantGroup section */
		A58EBF501D06A32F00616433 /* Main.storyboard */ = {
			isa = PBXVariantGroup;
			children = (
				A58EBF511D06A32F00616433 /* Base */,
			);
			name = Main.storyboard;
			sourceTree = "<group>";
		};
		A58EBF551D06A32F00616433 /* LaunchScreen.storyboard */ = {
			isa = PBXVariantGroup;
			children = (
				A58EBF561D06A32F00616433 /* Base */,
			);
			name = LaunchScreen.storyboard;
			sourceTree = "<group>";
		};
/* End PBXVariantGroup section */

/* Begin XCBuildConfiguration section */
		A58EBF591D06A32F00616433 /* Debug */ = {
			isa = XCBuildConfiguration;
			buildSettings = {
				ALWAYS_SEARCH_USER_PATHS = NO;
				CLANG_ANALYZER_NONNULL = YES;
				CLANG_CXX_LANGUAGE_STANDARD = "gnu++0x";
				CLANG_CXX_LIBRARY = "libc++";
				CLANG_ENABLE_MODULES = YES;
				CLANG_ENABLE_OBJC_ARC = YES;
				CLANG_WARN_BOOL_CONVERSION = YES;
				CLANG_WARN_CONSTANT_CONVERSION = YES;
				CLANG_WARN_DIRECT_OBJC_ISA_USAGE = YES_ERROR;
				CLANG_WARN_EMPTY_BODY = YES;
				CLANG_WARN_ENUM_CONVERSION = YES;
				CLANG_WARN_INT_CONVERSION = YES;
				CLANG_WARN_OBJC_ROOT_CLASS = YES_ERROR;
				CLANG_WARN_UNREACHABLE_CODE = YES;
				CLANG_WARN__DUPLICATE_METHOD_MATCH = YES;
				"CODE_SIGN_IDENTITY[sdk=iphoneos*]" = "iPhone Developer";
				COPY_PHASE_STRIP = NO;
				DEBUG_INFORMATION_FORMAT = dwarf;
				ENABLE_STRICT_OBJC_MSGSEND = YES;
				ENABLE_TESTABILITY = YES;
				GCC_C_LANGUAGE_STANDARD = gnu99;
				GCC_DYNAMIC_NO_PIC = NO;
				GCC_NO_COMMON_BLOCKS = YES;
				GCC_OPTIMIZATION_LEVEL = 0;
				GCC_PREPROCESSOR_DEFINITIONS = (
					"DEBUG=1",
					"$(inherited)",
				);
				GCC_WARN_64_TO_32_BIT_CONVERSION = YES;
				GCC_WARN_ABOUT_RETURN_TYPE = YES_ERROR;
				GCC_WARN_UNDECLARED_SELECTOR = YES;
				GCC_WARN_UNINITIALIZED_AUTOS = YES_AGGRESSIVE;
				GCC_WARN_UNUSED_FUNCTION = YES;
				GCC_WARN_UNUSED_VARIABLE = YES;
				IPHONEOS_DEPLOYMENT_TARGET = 9.3;
				MTL_ENABLE_DEBUG_INFO = YES;
				ONLY_ACTIVE_ARCH = YES;
				SDKROOT = iphoneos;
			};
			name = Debug;
		};
		A58EBF5A1D06A32F00616433 /* Release */ = {
			isa = XCBuildConfiguration;
			buildSettings = {
				ALWAYS_SEARCH_USER_PATHS = NO;
				CLANG_ANALYZER_NONNULL = YES;
				CLANG_CXX_LANGUAGE_STANDARD = "gnu++0x";
				CLANG_CXX_LIBRARY = "libc++";
				CLANG_ENABLE_MODULES = YES;
				CLANG_ENABLE_OBJC_ARC = YES;
				CLANG_WARN_BOOL_CONVERSION = YES;
				CLANG_WARN_CONSTANT_CONVERSION = YES;
				CLANG_WARN_DIRECT_OBJC_ISA_USAGE = YES_ERROR;
				CLANG_WARN_EMPTY_BODY = YES;
				CLANG_WARN_ENUM_CONVERSION = YES;
				CLANG_WARN_INT_CONVERSION = YES;
				CLANG_WARN_OBJC_ROOT_CLASS = YES_ERROR;
				CLANG_WARN_UNREACHABLE_CODE = YES;
				CLANG_WARN__DUPLICATE_METHOD_MATCH = YES;
				"CODE_SIGN_IDENTITY[sdk=iphoneos*]" = "iPhone Developer";
				COPY_PHASE_STRIP = NO;
				DEBUG_INFORMATION_FORMAT = "dwarf-with-dsym";
				ENABLE_NS_ASSERTIONS = NO;
				ENABLE_STRICT_OBJC_MSGSEND = YES;
				GCC_C_LANGUAGE_STANDARD = gnu99;
				GCC_NO_COMMON_BLOCKS = YES;
				GCC_WARN_64_TO_32_BIT_CONVERSION = YES;
				GCC_WARN_ABOUT_RETURN_TYPE = YES_ERROR;
				GCC_WARN_UNDECLARED_SELECTOR = YES;
				GCC_WARN_UNINITIALIZED_AUTOS = YES_AGGRESSIVE;
				GCC_WARN_UNUSED_FUNCTION = YES;
				GCC_WARN_UNUSED_VARIABLE = YES;
				IPHONEOS_DEPLOYMENT_TARGET = 9.3;
				MTL_ENABLE_DEBUG_INFO = NO;
				SDKROOT = iphoneos;
				VALIDATE_PRODUCT = YES;
			};
			name = Release;
		};
		A58EBF5C1D06A32F00616433 /* Debug */ = {
			isa = XCBuildConfiguration;
			baseConfigurationReference = C36900615B1A2A0ED9C071AE /* Pods.debug.xcconfig */;
			buildSettings = {
				ASSETCATALOG_COMPILER_APPICON_NAME = AppIcon;
				INFOPLIST_FILE = TestModel/Info.plist;
				LD_RUNPATH_SEARCH_PATHS = "$(inherited) @executable_path/Frameworks";
				PRODUCT_BUNDLE_IDENTIFIER = sy.TestModel;
				PRODUCT_NAME = SYNetModelDemo;
			};
			name = Debug;
		};
		A58EBF5D1D06A32F00616433 /* Release */ = {
			isa = XCBuildConfiguration;
			baseConfigurationReference = 8DFB30B95EE8C4C38B9A43B0 /* Pods.release.xcconfig */;
			buildSettings = {
				ASSETCATALOG_COMPILER_APPICON_NAME = AppIcon;
				INFOPLIST_FILE = TestModel/Info.plist;
				LD_RUNPATH_SEARCH_PATHS = "$(inherited) @executable_path/Frameworks";
				PRODUCT_BUNDLE_IDENTIFIER = sy.TestModel;
				PRODUCT_NAME = SYNetModelDemo;
			};
			name = Release;
		};
/* End XCBuildConfiguration section */

/* Begin XCConfigurationList section */
		A58EBF3F1D06A32F00616433 /* Build configuration list for PBXProject "SYNetModelDemo" */ = {
			isa = XCConfigurationList;
			buildConfigurations = (
				A58EBF591D06A32F00616433 /* Debug */,
				A58EBF5A1D06A32F00616433 /* Release */,
			);
			defaultConfigurationIsVisible = 0;
			defaultConfigurationName = Release;
		};
		A58EBF5B1D06A32F00616433 /* Build configuration list for PBXNativeTarget "SYNetModelDemo" */ = {
			isa = XCConfigurationList;
			buildConfigurations = (
				A58EBF5C1D06A32F00616433 /* Debug */,
				A58EBF5D1D06A32F00616433 /* Release */,
			);
			defaultConfigurationIsVisible = 0;
			defaultConfigurationName = Release;
		};
/* End XCConfigurationList section */
	};
	rootObject = A58EBF3C1D06A32F00616433 /* Project object */;
}
